
Microsoft Visual Studio Solution File, Format Version 12.00
# Visual Studio Version 17
VisualStudioVersion = 17.0.31903.59
MinimumVisualStudioVersion = 10.0.40219.1
Project("{2150E333-8FDC-42A3-9474-1A3956D46DE8}") = "Creational", "Creational", "{ADD9AF8E-2241-4294-AF85-724BFDEE5A94}"
EndProject
Project("{FAE04EC0-301F-11D3-BF4B-00C04F79EFBC}") = "Singleton", "Creational\Singleton\Singleton.csproj", "{954BAE69-2426-4700-8583-15DA944D7B7E}"
EndProject
Project("{FAE04EC0-301F-11D3-BF4B-00C04F79EFBC}") = "Factory", "Creational\Factory\Factory.csproj", "{818650DE-598C-4ED0-85EE-404AEC61F59A}"
EndProject
Project("{FAE04EC0-301F-11D3-BF4B-00C04F79EFBC}") = "Abstract.Factory", "Creational\Abstract.Factory\Abstract.Factory.csproj", "{5716D250-942E-4FE4-A205-0526F041F534}"
EndProject
Project("{FAE04EC0-301F-11D3-BF4B-00C04F79EFBC}") = "Builder", "Creational\Builder\Builder.csproj", "{1E7C67E0-F538-4C6E-97C3-90B7D3C66FE5}"
EndProject
Project("{FAE04EC0-301F-11D3-BF4B-00C04F79EFBC}") = "Prototype", "Creational\Prototype\Prototype.csproj", "{9E0D713C-3406-4335-996F-C6B5F19928E9}"
EndProject
Project("{2150E333-8FDC-42A3-9474-1A3956D46DE8}") = "Structural", "Structural", "{91354480-2F20-430B-AC18-A11B98FA8F49}"
EndProject
Project("{FAE04EC0-301F-11D3-BF4B-00C04F79EFBC}") = "Adapter", "Structural\Adapter\Adapter.csproj", "{C856C683-C8A4-4A0F-8223-11FBE8D42B6A}"
EndProject
Project("{FAE04EC0-301F-11D3-BF4B-00C04F79EFBC}") = "Bridge", "Structural\Bridge\Bridge.csproj", "{95342384-5FCD-40AA-8B19-6A4D8B0A4F1D}"
EndProject
Project("{FAE04EC0-301F-11D3-BF4B-00C04F79EFBC}") = "Composite", "Structural\Composite\Composite.csproj", "{2B30E0A3-C08B-4EE2-AB61-BBF96736AC2F}"
EndProject
Project("{FAE04EC0-301F-11D3-BF4B-00C04F79EFBC}") = "Decorator", "Structural\Decorator\Decorator.csproj", "{C6CABFE6-69BB-4945-9218-63AC58159E50}"
EndProject
Project("{FAE04EC0-301F-11D3-BF4B-00C04F79EFBC}") = "Facade", "Structural\Facade\Facade.csproj", "{D444A0CD-6777-406A-B267-D377E980B7BF}"
EndProject
Project("{FAE04EC0-301F-11D3-BF4B-00C04F79EFBC}") = "Flyweight", "Structural\Flyweight\Flyweight.csproj", "{64107B3F-F408-40A7-9660-C1A691A8EAC4}"
EndProject
Project("{2150E333-8FDC-42A3-9474-1A3956D46DE8}") = "Behavioral", "Behavioral", "{E76BBA48-4606-47FA-B88E-7E8552E4D23D}"
EndProject
Project("{FAE04EC0-301F-11D3-BF4B-00C04F79EFBC}") = "ChainOfResponsibility", "Behavioral\ChainOfResponsibility\ChainOfResponsibility.csproj", "{38C933AE-4FCC-4E2B-80F1-F4B95CAEB8BA}"
EndProject
Project("{FAE04EC0-301F-11D3-BF4B-00C04F79EFBC}") = "Command", "Behavioral\Command\Command.csproj", "{BBBE1169-7A22-4CE9-A16E-7DC112FC339B}"
EndProject
Project("{FAE04EC0-301F-11D3-BF4B-00C04F79EFBC}") = "Iterator", "Behavioral\Iterator\Iterator.csproj", "{571F2A3B-927B-4ED6-A4F8-16DF495F2DC7}"
EndProject
Project("{FAE04EC0-301F-11D3-BF4B-00C04F79EFBC}") = "Mediator", "Behavioral\Mediator\Mediator.csproj", "{A5A6D2E2-E943-4CEE-98E4-872CE3309DCB}"
EndProject
Project("{FAE04EC0-301F-11D3-BF4B-00C04F79EFBC}") = "Memento", "Behavioral\Memento\Memento.csproj", "{0775D595-93BE-49E7-9745-8F180B88A8EA}"
EndProject
Project("{FAE04EC0-301F-11D3-BF4B-00C04F79EFBC}") = "Observer", "Behavioral\Observer\Observer.csproj", "{A662E804-AEF3-45F6-97F0-3894A64F45FD}"
EndProject
Project("{FAE04EC0-301F-11D3-BF4B-00C04F79EFBC}") = "State", "Behavioral\State\State.csproj", "{5D02F489-90FF-4768-9E3B-AB359C19A9DF}"
EndProject
Project("{FAE04EC0-301F-11D3-BF4B-00C04F79EFBC}") = "Strategy", "Behavioral\Strategy\Strategy.csproj", "{253C5A52-0037-47D3-91D2-9E5BB43761BA}"
EndProject
Global
	GlobalSection(SolutionConfigurationPlatforms) = preSolution
		Debug|Any CPU = Debug|Any CPU
		Release|Any CPU = Release|Any CPU
	EndGlobalSection
	GlobalSection(ProjectConfigurationPlatforms) = postSolution
		{954BAE69-2426-4700-8583-15DA944D7B7E}.Debug|Any CPU.ActiveCfg = Debug|Any CPU
		{954BAE69-2426-4700-8583-15DA944D7B7E}.Debug|Any CPU.Build.0 = Debug|Any CPU
		{954BAE69-2426-4700-8583-15DA944D7B7E}.Release|Any CPU.ActiveCfg = Release|Any CPU
		{954BAE69-2426-4700-8583-15DA944D7B7E}.Release|Any CPU.Build.0 = Release|Any CPU
		{818650DE-598C-4ED0-85EE-404AEC61F59A}.Debug|Any CPU.ActiveCfg = Debug|Any CPU
		{818650DE-598C-4ED0-85EE-404AEC61F59A}.Debug|Any CPU.Build.0 = Debug|Any CPU
		{818650DE-598C-4ED0-85EE-404AEC61F59A}.Release|Any CPU.ActiveCfg = Release|Any CPU
		{818650DE-598C-4ED0-85EE-404AEC61F59A}.Release|Any CPU.Build.0 = Release|Any CPU
		{5716D250-942E-4FE4-A205-0526F041F534}.Debug|Any CPU.ActiveCfg = Debug|Any CPU
		{5716D250-942E-4FE4-A205-0526F041F534}.Debug|Any CPU.Build.0 = Debug|Any CPU
		{5716D250-942E-4FE4-A205-0526F041F534}.Release|Any CPU.ActiveCfg = Release|Any CPU
		{5716D250-942E-4FE4-A205-0526F041F534}.Release|Any CPU.Build.0 = Release|Any CPU
		{1E7C67E0-F538-4C6E-97C3-90B7D3C66FE5}.Debug|Any CPU.ActiveCfg = Debug|Any CPU
		{1E7C67E0-F538-4C6E-97C3-90B7D3C66FE5}.Debug|Any CPU.Build.0 = Debug|Any CPU
		{1E7C67E0-F538-4C6E-97C3-90B7D3C66FE5}.Release|Any CPU.ActiveCfg = Release|Any CPU
		{1E7C67E0-F538-4C6E-97C3-90B7D3C66FE5}.Release|Any CPU.Build.0 = Release|Any CPU
		{9E0D713C-3406-4335-996F-C6B5F19928E9}.Debug|Any CPU.ActiveCfg = Debug|Any CPU
		{9E0D713C-3406-4335-996F-C6B5F19928E9}.Debug|Any CPU.Build.0 = Debug|Any CPU
		{9E0D713C-3406-4335-996F-C6B5F19928E9}.Release|Any CPU.ActiveCfg = Release|Any CPU
		{9E0D713C-3406-4335-996F-C6B5F19928E9}.Release|Any CPU.Build.0 = Release|Any CPU
		{C856C683-C8A4-4A0F-8223-11FBE8D42B6A}.Debug|Any CPU.ActiveCfg = Debug|Any CPU
		{C856C683-C8A4-4A0F-8223-11FBE8D42B6A}.Debug|Any CPU.Build.0 = Debug|Any CPU
		{C856C683-C8A4-4A0F-8223-11FBE8D42B6A}.Release|Any CPU.ActiveCfg = Release|Any CPU
		{C856C683-C8A4-4A0F-8223-11FBE8D42B6A}.Release|Any CPU.Build.0 = Release|Any CPU
		{95342384-5FCD-40AA-8B19-6A4D8B0A4F1D}.Debug|Any CPU.ActiveCfg = Debug|Any CPU
		{95342384-5FCD-40AA-8B19-6A4D8B0A4F1D}.Debug|Any CPU.Build.0 = Debug|Any CPU
		{95342384-5FCD-40AA-8B19-6A4D8B0A4F1D}.Release|Any CPU.ActiveCfg = Release|Any CPU
		{95342384-5FCD-40AA-8B19-6A4D8B0A4F1D}.Release|Any CPU.Build.0 = Release|Any CPU
		{2B30E0A3-C08B-4EE2-AB61-BBF96736AC2F}.Debug|Any CPU.ActiveCfg = Debug|Any CPU
		{2B30E0A3-C08B-4EE2-AB61-BBF96736AC2F}.Debug|Any CPU.Build.0 = Debug|Any CPU
		{2B30E0A3-C08B-4EE2-AB61-BBF96736AC2F}.Release|Any CPU.ActiveCfg = Release|Any CPU
		{2B30E0A3-C08B-4EE2-AB61-BBF96736AC2F}.Release|Any CPU.Build.0 = Release|Any CPU
		{C6CABFE6-69BB-4945-9218-63AC58159E50}.Debug|Any CPU.ActiveCfg = Debug|Any CPU
		{C6CABFE6-69BB-4945-9218-63AC58159E50}.Debug|Any CPU.Build.0 = Debug|Any CPU
		{C6CABFE6-69BB-4945-9218-63AC58159E50}.Release|Any CPU.ActiveCfg = Release|Any CPU
		{C6CABFE6-69BB-4945-9218-63AC58159E50}.Release|Any CPU.Build.0 = Release|Any CPU
		{D444A0CD-6777-406A-B267-D377E980B7BF}.Debug|Any CPU.ActiveCfg = Debug|Any CPU
		{D444A0CD-6777-406A-B267-D377E980B7BF}.Debug|Any CPU.Build.0 = Debug|Any CPU
		{D444A0CD-6777-406A-B267-D377E980B7BF}.Release|Any CPU.ActiveCfg = Release|Any CPU
		{D444A0CD-6777-406A-B267-D377E980B7BF}.Release|Any CPU.Build.0 = Release|Any CPU
		{64107B3F-F408-40A7-9660-C1A691A8EAC4}.Debug|Any CPU.ActiveCfg = Debug|Any CPU
		{64107B3F-F408-40A7-9660-C1A691A8EAC4}.Debug|Any CPU.Build.0 = Debug|Any CPU
		{64107B3F-F408-40A7-9660-C1A691A8EAC4}.Release|Any CPU.ActiveCfg = Release|Any CPU
		{64107B3F-F408-40A7-9660-C1A691A8EAC4}.Release|Any CPU.Build.0 = Release|Any CPU
		{38C933AE-4FCC-4E2B-80F1-F4B95CAEB8BA}.Debug|Any CPU.ActiveCfg = Debug|Any CPU
		{38C933AE-4FCC-4E2B-80F1-F4B95CAEB8BA}.Debug|Any CPU.Build.0 = Debug|Any CPU
		{38C933AE-4FCC-4E2B-80F1-F4B95CAEB8BA}.Release|Any CPU.ActiveCfg = Release|Any CPU
		{38C933AE-4FCC-4E2B-80F1-F4B95CAEB8BA}.Release|Any CPU.Build.0 = Release|Any CPU
		{BBBE1169-7A22-4CE9-A16E-7DC112FC339B}.Debug|Any CPU.ActiveCfg = Debug|Any CPU
		{BBBE1169-7A22-4CE9-A16E-7DC112FC339B}.Debug|Any CPU.Build.0 = Debug|Any CPU
		{BBBE1169-7A22-4CE9-A16E-7DC112FC339B}.Release|Any CPU.ActiveCfg = Release|Any CPU
		{BBBE1169-7A22-4CE9-A16E-7DC112FC339B}.Release|Any CPU.Build.0 = Release|Any CPU
		{571F2A3B-927B-4ED6-A4F8-16DF495F2DC7}.Debug|Any CPU.ActiveCfg = Debug|Any CPU
		{571F2A3B-927B-4ED6-A4F8-16DF495F2DC7}.Debug|Any CPU.Build.0 = Debug|Any CPU
		{571F2A3B-927B-4ED6-A4F8-16DF495F2DC7}.Release|Any CPU.ActiveCfg = Release|Any CPU
		{571F2A3B-927B-4ED6-A4F8-16DF495F2DC7}.Release|Any CPU.Build.0 = Release|Any CPU
		{A5A6D2E2-E943-4CEE-98E4-872CE3309DCB}.Debug|Any CPU.ActiveCfg = Debug|Any CPU
		{A5A6D2E2-E943-4CEE-98E4-872CE3309DCB}.Debug|Any CPU.Build.0 = Debug|Any CPU
		{A5A6D2E2-E943-4CEE-98E4-872CE3309DCB}.Release|Any CPU.ActiveCfg = Release|Any CPU
		{A5A6D2E2-E943-4CEE-98E4-872CE3309DCB}.Release|Any CPU.Build.0 = Release|Any CPU
		{0775D595-93BE-49E7-9745-8F180B88A8EA}.Debug|Any CPU.ActiveCfg = Debug|Any CPU
		{0775D595-93BE-49E7-9745-8F180B88A8EA}.Debug|Any CPU.Build.0 = Debug|Any CPU
		{0775D595-93BE-49E7-9745-8F180B88A8EA}.Release|Any CPU.ActiveCfg = Release|Any CPU
		{0775D595-93BE-49E7-9745-8F180B88A8EA}.Release|Any CPU.Build.0 = Release|Any CPU
		{A662E804-AEF3-45F6-97F0-3894A64F45FD}.Debug|Any CPU.ActiveCfg = Debug|Any CPU
		{A662E804-AEF3-45F6-97F0-3894A64F45FD}.Debug|Any CPU.Build.0 = Debug|Any CPU
		{A662E804-AEF3-45F6-97F0-3894A64F45FD}.Release|Any CPU.ActiveCfg = Release|Any CPU
		{A662E804-AEF3-45F6-97F0-3894A64F45FD}.Release|Any CPU.Build.0 = Release|Any CPU
		{5D02F489-90FF-4768-9E3B-AB359C19A9DF}.Debug|Any CPU.ActiveCfg = Debug|Any CPU
		{5D02F489-90FF-4768-9E3B-AB359C19A9DF}.Debug|Any CPU.Build.0 = Debug|Any CPU
		{5D02F489-90FF-4768-9E3B-AB359C19A9DF}.Release|Any CPU.ActiveCfg = Release|Any CPU
		{5D02F489-90FF-4768-9E3B-AB359C19A9DF}.Release|Any CPU.Build.0 = Release|Any CPU
		{253C5A52-0037-47D3-91D2-9E5BB43761BA}.Debug|Any CPU.ActiveCfg = Debug|Any CPU
		{253C5A52-0037-47D3-91D2-9E5BB43761BA}.Debug|Any CPU.Build.0 = Debug|Any CPU
		{253C5A52-0037-47D3-91D2-9E5BB43761BA}.Release|Any CPU.ActiveCfg = Release|Any CPU
		{253C5A52-0037-47D3-91D2-9E5BB43761BA}.Release|Any CPU.Build.0 = Release|Any CPU
	EndGlobalSection
	GlobalSection(SolutionProperties) = preSolution
		HideSolutionNode = FALSE
	EndGlobalSection
	GlobalSection(NestedProjects) = preSolution
		{954BAE69-2426-4700-8583-15DA944D7B7E} = {ADD9AF8E-2241-4294-AF85-724BFDEE5A94}
		{818650DE-598C-4ED0-85EE-404AEC61F59A} = {ADD9AF8E-2241-4294-AF85-724BFDEE5A94}
		{5716D250-942E-4FE4-A205-0526F041F534} = {ADD9AF8E-2241-4294-AF85-724BFDEE5A94}
		{1E7C67E0-F538-4C6E-97C3-90B7D3C66FE5} = {ADD9AF8E-2241-4294-AF85-724BFDEE5A94}
		{9E0D713C-3406-4335-996F-C6B5F19928E9} = {ADD9AF8E-2241-4294-AF85-724BFDEE5A94}
		{C856C683-C8A4-4A0F-8223-11FBE8D42B6A} = {91354480-2F20-430B-AC18-A11B98FA8F49}
		{95342384-5FCD-40AA-8B19-6A4D8B0A4F1D} = {91354480-2F20-430B-AC18-A11B98FA8F49}
		{2B30E0A3-C08B-4EE2-AB61-BBF96736AC2F} = {91354480-2F20-430B-AC18-A11B98FA8F49}
		{C6CABFE6-69BB-4945-9218-63AC58159E50} = {91354480-2F20-430B-AC18-A11B98FA8F49}
		{D444A0CD-6777-406A-B267-D377E980B7BF} = {91354480-2F20-430B-AC18-A11B98FA8F49}
		{64107B3F-F408-40A7-9660-C1A691A8EAC4} = {91354480-2F20-430B-AC18-A11B98FA8F49}
		{38C933AE-4FCC-4E2B-80F1-F4B95CAEB8BA} = {E76BBA48-4606-47FA-B88E-7E8552E4D23D}
		{BBBE1169-7A22-4CE9-A16E-7DC112FC339B} = {E76BBA48-4606-47FA-B88E-7E8552E4D23D}
		{571F2A3B-927B-4ED6-A4F8-16DF495F2DC7} = {E76BBA48-4606-47FA-B88E-7E8552E4D23D}
		{A5A6D2E2-E943-4CEE-98E4-872CE3309DCB} = {E76BBA48-4606-47FA-B88E-7E8552E4D23D}
		{0775D595-93BE-49E7-9745-8F180B88A8EA} = {E76BBA48-4606-47FA-B88E-7E8552E4D23D}
		{A662E804-AEF3-45F6-97F0-3894A64F45FD} = {E76BBA48-4606-47FA-B88E-7E8552E4D23D}
		{5D02F489-90FF-4768-9E3B-AB359C19A9DF} = {E76BBA48-4606-47FA-B88E-7E8552E4D23D}
		{253C5A52-0037-47D3-91D2-9E5BB43761BA} = {E76BBA48-4606-47FA-B88E-7E8552E4D23D}
	EndGlobalSection
EndGlobal
